// !$*UTF8*$!
{
	archiveVersion = 1;
	classes = {
	};
	objectVersion = 60;
	objects = {

/* Begin PBXBuildFile section */
		020000000000000000000101 /* MyColonyApp.swift in Sources */ = {isa = PBXBuildFile; fileRef = 020000000000000000000001 /* MyColonyApp.swift */; };
		020000000000000000000102 /* GameEngine.swift in Sources */ = {isa = PBXBuildFile; fileRef = 020000000000000000000002 /* GameEngine.swift */; };
		020000000000000000000104 /* CarnivalComponents.swift in Sources */ = {isa = PBXBuildFile; fileRef = 020000000000000000000004 /* CarnivalComponents.swift */; };
		020000000000000000000105 /* AppFlow.swift in Sources */ = {isa = PBXBuildFile; fileRef = 020000000000000000000005 /* AppFlow.swift */; };
		020000000000000000000106 /* FeedbackController.swift in Sources */ = {isa = PBXBuildFile; fileRef = 020000000000000000000006 /* FeedbackController.swift */; };
		020000000000000000000107 /* ColonyKit.swift in Sources */ = {isa = PBXBuildFile; fileRef = 020000000000000000000007 /* ColonyKit.swift */; };
		020000000000000000000110 /* Assets.xcassets in Resources */ = {isa = PBXBuildFile; fileRef = 020000000000000000000010 /* Assets.xcassets */; };
		020000000000000000000151 /* jelly_pop_1.wav in Resources */ = {isa = PBXBuildFile; fileRef = 020000000000000000000141 /* jelly_pop_1.wav */; };
		020000000000000000000152 /* jelly_pop_2.wav in Resources */ = {isa = PBXBuildFile; fileRef = 020000000000000000000142 /* jelly_pop_2.wav */; };
		020000000000000000000153 /* syrup_squish.wav in Resources */ = {isa = PBXBuildFile; fileRef = 020000000000000000000143 /* syrup_squish.wav */; };
		020000000000000000000154 /* storm_burst.wav in Resources */ = {isa = PBXBuildFile; fileRef = 020000000000000000000144 /* storm_burst.wav */; };
		020000000000000000000155 /* coin_collect.wav in Resources */ = {isa = PBXBuildFile; fileRef = 020000000000000000000145 /* coin_collect.wav */; };
		020000000000000000000160 /* AnalyticsKit in Frameworks */ = {isa = PBXBuildFile; productRef = 020000000000000000000171 /* AnalyticsKit */; };
/* End PBXBuildFile section */

/* Begin PBXFileReference section */
		020000000000000000000001 /* MyColonyApp.swift */ = {isa = PBXFileReference; lastKnownFileType = sourcecode.swift; path = MyColonyApp.swift; sourceTree = "<group>"; };
		020000000000000000000002 /* GameEngine.swift */ = {isa = PBXFileReference; lastKnownFileType = sourcecode.swift; path = GameEngine.swift; sourceTree = "<group>"; };
		020000000000000000000004 /* CarnivalComponents.swift */ = {isa = PBXFileReference; lastKnownFileType = sourcecode.swift; path = CarnivalComponents.swift; sourceTree = "<group>"; };
		020000000000000000000005 /* AppFlow.swift */ = {isa = PBXFileReference; lastKnownFileType = sourcecode.swift; path = AppFlow.swift; sourceTree = "<group>"; };
		020000000000000000000006 /* FeedbackController.swift */ = {isa = PBXFileReference; lastKnownFileType = sourcecode.swift; path = FeedbackController.swift; sourceTree = "<group>"; };
		020000000000000000000007 /* ColonyKit.swift */ = {isa = PBXFileReference; lastKnownFileType = sourcecode.swift; path = ColonyKit.swift; sourceTree = "<group>"; };
		020000000000000000000010 /* Assets.xcassets */ = {isa = PBXFileReference; lastKnownFileType = folder.assetcatalog; path = Assets.xcassets; sourceTree = "<group>"; };
		020000000000000000000012 /* MyColony.app */ = {isa = PBXFileReference; explicitFileType = wrapper.application; includeInIndex = 0; path = MyColony.app; sourceTree = BUILT_PRODUCTS_DIR; };
		020000000000000000000141 /* jelly_pop_1.wav */ = {isa = PBXFileReference; lastKnownFileType = audio.wav; path = jelly_pop_1.wav; sourceTree = "<group>"; };
		020000000000000000000142 /* jelly_pop_2.wav */ = {isa = PBXFileReference; lastKnownFileType = audio.wav; path = jelly_pop_2.wav; sourceTree = "<group>"; };
		020000000000000000000143 /* syrup_squish.wav */ = {isa = PBXFileReference; lastKnownFileType = audio.wav; path = syrup_squish.wav; sourceTree = "<group>"; };
		020000000000000000000144 /* storm_burst.wav */ = {isa = PBXFileReference; lastKnownFileType = audio.wav; path = storm_burst.wav; sourceTree = "<group>"; };
		020000000000000000000145 /* coin_collect.wav */ = {isa = PBXFileReference; lastKnownFileType = audio.wav; path = coin_collect.wav; sourceTree = "<group>"; };
/* End PBXFileReference section */

/* Begin PBXFrameworksBuildPhase section */
		020000000000000000000020 /* Frameworks */ = {
			isa = PBXFrameworksBuildPhase;
			buildActionMask = 2147483647;
			files = (
				020000000000000000000160 /* AnalyticsKit in Frameworks */,
			);
			runOnlyForDeploymentPostprocessing = 0;
		};
/* End PBXFrameworksBuildPhase section */

/* Begin PBXGroup section */
		020000000000000000000030 = {
			isa = PBXGroup;
			children = (
				020000000000000000000031 /* MyColony */,
				020000000000000000000034 /* Products */,
			);
			sourceTree = "<group>";
		};
		020000000000000000000031 /* MyColony */ = {
			isa = PBXGroup;
			children = (
				020000000000000000000001 /* MyColonyApp.swift */,
				020000000000000000000002 /* GameEngine.swift */,
				020000000000000000000004 /* CarnivalComponents.swift */,
				020000000000000000000005 /* AppFlow.swift */,
				020000000000000000000006 /* FeedbackController.swift */,
				020000000000000000000007 /* ColonyKit.swift */,
				020000000000000000000010 /* Assets.xcassets */,
				020000000000000000000140 /* Sounds */,
			);
			path = MyColony;
			sourceTree = "<group>";
		};
		020000000000000000000034 /* Products */ = {
			isa = PBXGroup;
			children = (
				020000000000000000000012 /* MyColony.app */,
			);
			name = Products;
			sourceTree = "<group>";
		};
		020000000000000000000140 /* Sounds */ = {
			isa = PBXGroup;
			children = (
				020000000000000000000141 /* jelly_pop_1.wav */,
				020000000000000000000142 /* jelly_pop_2.wav */,
				020000000000000000000143 /* syrup_squish.wav */,
				020000000000000000000144 /* storm_burst.wav */,
				020000000000000000000145 /* coin_collect.wav */,
			);
			path = Sounds;
			sourceTree = "<group>";
		};
/* End PBXGroup section */

/* Begin PBXNativeTarget section */
		020000000000000000000040 /* MyColony */ = {
			isa = PBXNativeTarget;
			buildConfigurationList = 020000000000000000000080 /* Build configuration list for PBXNativeTarget "MyColony" */;
			buildPhases = (
				020000000000000000000050 /* Sources */,
				020000000000000000000020 /* Frameworks */,
				020000000000000000000060 /* Resources */,
			);
			buildRules = (
			);
			dependencies = (
			);
			name = MyColony;
			packageProductDependencies = (
				020000000000000000000171 /* AnalyticsKit */,
			);
			productName = MyColony;
			productReference = 020000000000000000000012 /* MyColony.app */;
			productType = "com.apple.product-type.application";
		};
/* End PBXNativeTarget section */

/* Begin PBXProject section */
		020000000000000000000070 /* Project object */ = {
			isa = PBXProject;
			attributes = {
				BuildIndependentTargetsInParallel = 1;
				LastSwiftUpdateCheck = 1550;
				LastUpgradeCheck = 2620;
				TargetAttributes = {
					020000000000000000000040 = {
						CreatedOnToolsVersion = 15.0;
					};
				};
			};
			buildConfigurationList = 020000000000000000000071 /* Build configuration list for PBXProject "MyColony" */;
			compatibilityVersion = "Xcode 15.0";
			developmentRegion = en;
			hasScannedForEncodings = 0;
			knownRegions = (
				en,
				Base,
			);
			mainGroup = 020000000000000000000030;
			packageReferences = (
				020000000000000000000170 /* XCLocalSwiftPackageReference "Packages/AnalyticsKit" */,
			);
			productRefGroup = 020000000000000000000034 /* Products */;
			projectDirPath = "";
			projectRoot = "";
			targets = (
				020000000000000000000040 /* MyColony */,
			);
		};
/* End PBXProject section */

/* Begin PBXResourcesBuildPhase section */
		020000000000000000000060 /* Resources */ = {
			isa = PBXResourcesBuildPhase;
			buildActionMask = 2147483647;
			files = (
				020000000000000000000110 /* Assets.xcassets in Resources */,
				020000000000000000000151 /* jelly_pop_1.wav in Resources */,
				020000000000000000000152 /* jelly_pop_2.wav in Resources */,
				020000000000000000000153 /* syrup_squish.wav in Resources */,
				020000000000000000000154 /* storm_burst.wav in Resources */,
				020000000000000000000155 /* coin_collect.wav in Resources */,
			);
			runOnlyForDeploymentPostprocessing = 0;
		};
/* End PBXResourcesBuildPhase section */

/* Begin PBXSourcesBuildPhase section */
		020000000000000000000050 /* Sources */ = {
			isa = PBXSourcesBuildPhase;
			buildActionMask = 2147483647;
			files = (
				020000000000000000000101 /* MyColonyApp.swift in Sources */,
				020000000000000000000102 /* GameEngine.swift in Sources */,
				020000000000000000000104 /* CarnivalComponents.swift in Sources */,
				020000000000000000000105 /* AppFlow.swift in Sources */,
				020000000000000000000106 /* FeedbackController.swift in Sources */,
				020000000000000000000107 /* ColonyKit.swift in Sources */,
			);
			runOnlyForDeploymentPostprocessing = 0;
		};
/* End PBXSourcesBuildPhase section */

/* Begin XCBuildConfiguration section */
		020000000000000000000072 /* Debug */ = {
			isa = XCBuildConfiguration;
			buildSettings = {
				ALWAYS_SEARCH_USER_PATHS = NO;
				ASSETCATALOG_COMPILER_GENERATE_SWIFT_ASSET_SYMBOL_EXTENSIONS = YES;
				CLANG_ANALYZER_NONNULL = YES;
				CLANG_ANALYZER_NUMBER_OBJECT_CONVERSION = YES_AGGRESSIVE;
				CLANG_CXX_LANGUAGE_STANDARD = "gnu++20";
				CLANG_ENABLE_MODULES = YES;
				CLANG_ENABLE_OBJC_ARC = YES;
				CLANG_ENABLE_OBJC_WEAK = YES;
				CLANG_WARN_BLOCK_CAPTURE_AUTORELEASING = YES;
				CLANG_WARN_BOOL_CONVERSION = YES;
				CLANG_WARN_COMMA = YES;
				CLANG_WARN_CONSTANT_CONVERSION = YES;
				CLANG_WARN_DEPRECATED_OBJC_IMPLEMENTATIONS = YES;
				CLANG_WARN_DIRECT_OBJC_ISA_USAGE = YES_ERROR;
				CLANG_WARN_DOCUMENTATION_COMMENTS = YES;
				CLANG_WARN_EMPTY_BODY = YES;
				CLANG_WARN_ENUM_CONVERSION = YES;
				CLANG_WARN_INFINITE_RECURSION = YES;
				CLANG_WARN_INT_CONVERSION = YES;
				CLANG_WARN_NON_LITERAL_NULL_CONVERSION = YES;
				CLANG_WARN_OBJC_IMPLICIT_RETAIN_SELF = YES;
				CLANG_WARN_OBJC_LITERAL_CONVERSION = YES;
				CLANG_WARN_OBJC_ROOT_CLASS = YES_ERROR;
				CLANG_WARN_QUOTED_INCLUDE_IN_FRAMEWORK_HEADER = YES;
				CLANG_WARN_RANGE_LOOP_ANALYSIS = YES;
				CLANG_WARN_STRICT_PROTOTYPES = YES;
				CLANG_WARN_SUSPICIOUS_MOVE = YES;
				CLANG_WARN_UNGUARDED_AVAILABILITY = YES_AGGRESSIVE;
				CLANG_WARN_UNREACHABLE_CODE = YES;
				CLANG_WARN__DUPLICATE_METHOD_MATCH = YES;
				COPY_PHASE_STRIP = NO;
				DEBUG_INFORMATION_FORMAT = dwarf;
				ENABLE_STRICT_OBJC_MSGSEND = YES;
				ENABLE_TESTABILITY = YES;
				ENABLE_USER_SCRIPT_SANDBOXING = YES;
				GCC_C_LANGUAGE_STANDARD = gnu17;
				GCC_DYNAMIC_NO_PIC = NO;
				GCC_NO_COMMON_BLOCKS = YES;
				GCC_OPTIMIZATION_LEVEL = 0;
				GCC_PREPROCESSOR_DEFINITIONS = (
					"DEBUG=1",
					"$(inherited)",
				);
				GCC_WARN_64_TO_32_BIT_CONVERSION = YES;
				GCC_WARN_ABOUT_RETURN_TYPE = YES_ERROR;
				GCC_WARN_UNDECLARED_SELECTOR = YES;
				GCC_WARN_UNINITIALIZED_AUTOS = YES_AGGRESSIVE;
				GCC_WARN_UNUSED_FUNCTION = YES;
				GCC_WARN_UNUSED_VARIABLE = YES;
				IPHONEOS_DEPLOYMENT_TARGET = 17.0;
				MTL_ENABLE_DEBUG_INFO = INCLUDE_SOURCE;
				MTL_FAST_MATH = YES;
				ONLY_ACTIVE_ARCH = YES;
				SDKROOT = iphoneos;
				STRING_CATALOG_GENERATE_SYMBOLS = YES;
				SWIFT_ACTIVE_COMPILATION_CONDITIONS = DEBUG;
				SWIFT_OPTIMIZATION_LEVEL = "-Onone";
			};
			name = Debug;
		};
		020000000000000000000073 /* Release */ = {
			isa = XCBuildConfiguration;
			buildSettings = {
				ALWAYS_SEARCH_USER_PATHS = NO;
				ASSETCATALOG_COMPILER_GENERATE_SWIFT_ASSET_SYMBOL_EXTENSIONS = YES;
				CLANG_ANALYZER_NONNULL = YES;
				CLANG_ANALYZER_NUMBER_OBJECT_CONVERSION = YES_AGGRESSIVE;
				CLANG_CXX_LANGUAGE_STANDARD = "gnu++20";
				CLANG_ENABLE_MODULES = YES;
				CLANG_ENABLE_OBJC_ARC = YES;
				CLANG_ENABLE_OBJC_WEAK = YES;
				CLANG_WARN_BLOCK_CAPTURE_AUTORELEASING = YES;
				CLANG_WARN_BOOL_CONVERSION = YES;
				CLANG_WARN_COMMA = YES;
				CLANG_WARN_CONSTANT_CONVERSION = YES;
				CLANG_WARN_DEPRECATED_OBJC_IMPLEMENTATIONS = YES;
				CLANG_WARN_DIRECT_OBJC_ISA_USAGE = YES_ERROR;
				CLANG_WARN_DOCUMENTATION_COMMENTS = YES;
				CLANG_WARN_EMPTY_BODY = YES;
				CLANG_WARN_ENUM_CONVERSION = YES;
				CLANG_WARN_INFINITE_RECURSION = YES;
				CLANG_WARN_INT_CONVERSION = YES;
				CLANG_WARN_NON_LITERAL_NULL_CONVERSION = YES;
				CLANG_WARN_OBJC_IMPLICIT_RETAIN_SELF = YES;
				CLANG_WARN_OBJC_LITERAL_CONVERSION = YES;
				CLANG_WARN_OBJC_ROOT_CLASS = YES_ERROR;
				CLANG_WARN_QUOTED_INCLUDE_FRAMEWORK_HEADER = YES;
				CLANG_WARN_RANGE_LOOP_ANALYSIS = YES;
				CLANG_WARN_STRICT_PROTOTYPES = YES;
				CLANG_WARN_SUSPICIOUS_MOVE = YES;
				CLANG_WARN_UNGUARDED_AVAILABILITY = YES_AGGRESSIVE;
				CLANG_WARN_UNREACHABLE_CODE = YES;
				CLANG_WARN__DUPLICATE_METHOD_MATCH = YES;
				COPY_PHASE_STRIP = NO;
				DEBUG_INFORMATION_FORMAT = "dwarf-with-dsym";
				ENABLE_NS_ASSERTIONS = NO;
				ENABLE_STRICT_OBJC_MSGSEND = YES;
				ENABLE_USER_SCRIPT_SANDBOXING = YES;
				GCC_C_LANGUAGE_STANDARD = gnu17;
				GCC_NO_COMMON_BLOCKS = YES;
				GCC_WARN_64_TO_32_BIT_CONVERSION = YES;
				GCC_WARN_ABOUT_RETURN_TYPE = YES_ERROR;
				GCC_WARN_UNDECLARED_SELECTOR = YES;
				GCC_WARN_UNINITIALIZED_AUTOS = YES_AGGRESSIVE;
				GCC_WARN_UNUSED_FUNCTION = YES;
				GCC_WARN_UNUSED_VARIABLE = YES;
				IPHONEOS_DEPLOYMENT_TARGET = 17.0;
				MTL_ENABLE_DEBUG_INFO = NO;
				MTL_FAST_MATH = YES;
				SDKROOT = iphoneos;
				STRING_CATALOG_GENERATE_SYMBOLS = YES;
				SWIFT_COMPILATION_MODE = wholemodule;
				VALIDATE_PRODUCT = YES;
			};
			name = Release;
		};
		020000000000000000000081 /* Debug */ = {
			isa = XCBuildConfiguration;
			buildSettings = {
				ASSETCATALOG_COMPILER_ACCENT_COLOR_NAME = AccentColor;
				ASSETCATALOG_COMPILER_APPICON_NAME = AppIcon;
				CODE_SIGN_STYLE = Automatic;
				CURRENT_PROJECT_VERSION = 1;
				DEVELOPMENT_TEAM = "";
				ENABLE_PREVIEWS = YES;
				GENERATE_INFOPLIST_FILE = YES;
				INFOPLIST_KEY_CFBundleDisplayName = "My Colony";
				INFOPLIST_KEY_LSApplicationCategoryType = "public.app-category.games";
				INFOPLIST_KEY_UIApplicationSceneManifest_Generation = YES;
				INFOPLIST_KEY_UIApplicationSupportsIndirectInputEvents = YES;
				INFOPLIST_KEY_UILaunchScreen_Generation = YES;
				INFOPLIST_KEY_UISupportedInterfaceOrientations = UIInterfaceOrientationPortrait;
				IPHONEOS_DEPLOYMENT_TARGET = 16.6;
				LD_RUNPATH_SEARCH_PATHS = (
					"$(inherited)",
					"@executable_path/Frameworks",
				);
				MARKETING_VERSION = 1.0;
				PRODUCT_BUNDLE_IDENTIFIER = com.mycolony.farm;
				PRODUCT_NAME = "$(TARGET_NAME)";
				SUPPORTED_PLATFORMS = "iphoneos iphonesimulator";
				SUPPORTS_MACCATALYST = NO;
				SUPPORTS_MAC_DESIGNED_FOR_IPHONE_IPAD = NO;
				SUPPORTS_XR_DESIGNED_FOR_IPHONE_IPAD = NO;
				SWIFT_EMIT_LOC_STRINGS = YES;
				SWIFT_VERSION = 5.0;
				TARGETED_DEVICE_FAMILY = 1;
			};
			name = Debug;
		};
		020000000000000000000082 /* Release */ = {
			isa = XCBuildConfiguration;
			buildSettings = {
				ASSETCATALOG_COMPILER_ACCENT_COLOR_NAME = AccentColor;
				ASSETCATALOG_COMPILER_APPICON_NAME = AppIcon;
				CODE_SIGN_STYLE = Automatic;
				CURRENT_PROJECT_VERSION = 1;
				DEVELOPMENT_TEAM = "";
				ENABLE_PREVIEWS = YES;
				GENERATE_INFOPLIST_FILE = YES;
				INFOPLIST_KEY_CFBundleDisplayName = "My Colony";
				INFOPLIST_KEY_LSApplicationCategoryType = "public.app-category.games";
				INFOPLIST_KEY_UIApplicationSceneManifest_Generation = YES;
				INFOPLIST_KEY_UIApplicationSupportsIndirectInputEvents = YES;
				INFOPLIST_KEY_UILaunchScreen_Generation = YES;
				INFOPLIST_KEY_UISupportedInterfaceOrientations = UIInterfaceOrientationPortrait;
				IPHONEOS_DEPLOYMENT_TARGET = 16.6;
				LD_RUNPATH_SEARCH_PATHS = (
					"$(inherited)",
					"@executable_path/Frameworks",
				);
				MARKETING_VERSION = 1.0;
				PRODUCT_BUNDLE_IDENTIFIER = com.mycolony.farm;
				PRODUCT_NAME = "$(TARGET_NAME)";
				SUPPORTED_PLATFORMS = "iphoneos iphonesimulator";
				SUPPORTS_MACCATALYST = NO;
				SUPPORTS_MAC_DESIGNED_FOR_IPHONE_IPAD = NO;
				SUPPORTS_XR_DESIGNED_FOR_IPHONE_IPAD = NO;
				SWIFT_EMIT_LOC_STRINGS = YES;
				SWIFT_VERSION = 5.0;
				TARGETED_DEVICE_FAMILY = 1;
			};
			name = Release;
		};
/* End XCBuildConfiguration section */

/* Begin XCConfigurationList section */
		020000000000000000000071 /* Build configuration list for PBXProject "MyColony" */ = {
			isa = XCConfigurationList;
			buildConfigurations = (
				020000000000000000000072 /* Debug */,
				020000000000000000000073 /* Release */,
			);
			defaultConfigurationIsVisible = 0;
			defaultConfigurationName = Release;
		};
		020000000000000000000080 /* Build configuration list for PBXNativeTarget "MyColony" */ = {
			isa = XCConfigurationList;
			buildConfigurations = (
				020000000000000000000081 /* Debug */,
				020000000000000000000082 /* Release */,
			);
			defaultConfigurationIsVisible = 0;
			defaultConfigurationName = Release;
		};
/* End XCConfigurationList section */

/* Begin XCLocalSwiftPackageReference section */
		020000000000000000000170 /* XCLocalSwiftPackageReference "Packages/AnalyticsKit" */ = {
			isa = XCLocalSwiftPackageReference;
			relativePath = Packages/AnalyticsKit;
		};
/* End XCLocalSwiftPackageReference section */

/* Begin XCSwiftPackageProductDependency section */
		020000000000000000000171 /* AnalyticsKit */ = {
			isa = XCSwiftPackageProductDependency;
			package = 020000000000000000000170 /* XCLocalSwiftPackageReference "Packages/AnalyticsKit" */;
			productName = AnalyticsKit;
		};
/* End XCSwiftPackageProductDependency section */
	};
	rootObject = 020000000000000000000070 /* Project object */;
}
